Microsoft Visual Studio Solution File, Format Version 11.00
# Visual Studio 2010
Project("{8BC9CEB8-8B4A-11D0-8D11-00A0C91BC942}") = "Gekko", "Gekko_VS2010.vcxproj", "{BC554F91-382F-40C4-AA4E-4DB5DEE49C05}"
EndProject
Global
	GlobalSection(SolutionConfigurationPlatforms) = preSolution
		Debug - Speed|Win32 = Debug - Speed|Win32
		Debug|Win32 = Debug|Win32
		Makefile|Win32 = Makefile|Win32
		Release|Win32 = Release|Win32
	EndGlobalSection
	GlobalSection(ProjectConfigurationPlatforms) = postSolution
		{BC554F91-382F-40C4-AA4E-4DB5DEE49C05}.Debug - Speed|Win32.ActiveCfg = Debug - Speed|Win32
		{BC554F91-382F-40C4-AA4E-4DB5DEE49C05}.Debug - Speed|Win32.Build.0 = Debug - Speed|Win32
		{BC554F91-382F-40C4-AA4E-4DB5DEE49C05}.Debug|Win32.ActiveCfg = Debug|Win32
		{BC554F91-382F-40C4-AA4E-4DB5DEE49C05}.Debug|Win32.Build.0 = Debug|Win32
		{BC554F91-382F-40C4-AA4E-4DB5DEE49C05}.Makefile|Win32.ActiveCfg = Makefile|Win32
		{BC554F91-382F-40C4-AA4E-4DB5DEE49C05}.Makefile|Win32.Build.0 = Makefile|Win32
		{BC554F91-382F-40C4-AA4E-4DB5DEE49C05}.Release|Win32.ActiveCfg = Release|Win32
		{BC554F91-382F-40C4-AA4E-4DB5DEE49C05}.Release|Win32.Build.0 = Release|Win32
	EndGlobalSection
	GlobalSection(SolutionProperties) = preSolution
		HideSolutionNode = FALSE
	EndGlobalSection
EndGlobal
