
Microsoft Visual Studio Solution File, Format Version 11.00
# Visual Studio 2010
Project("{8BC9CEB8-8B4A-11D0-8D11-00A0C91BC942}") = "common", "src\common\common.vcxproj", "{5EB71385-5331-49EF-BA32-1E96DE90416B}"
EndProject
Project("{8BC9CEB8-8B4A-11D0-8D11-00A0C91BC942}") = "input_common", "src\input_common\input_common.vcxproj", "{FD9404A3-780A-472C-8EB5-BBFF83CCDBA7}"
	ProjectSection(ProjectDependencies) = postProject
		{5EB71385-5331-49EF-BA32-1E96DE90416B} = {5EB71385-5331-49EF-BA32-1E96DE90416B}
	EndProjectSection
EndProject
Project("{8BC9CEB8-8B4A-11D0-8D11-00A0C91BC942}") = "core", "src\core\core.vcxproj", "{9E0678B0-E21E-4FA0-998E-A9FEE5FCFC50}"
	ProjectSection(ProjectDependencies) = postProject
		{5EB71385-5331-49EF-BA32-1E96DE90416B} = {5EB71385-5331-49EF-BA32-1E96DE90416B}
	EndProjectSection
EndProject
Project("{8BC9CEB8-8B4A-11D0-8D11-00A0C91BC942}") = "gekko", "src\pcafe\gekko.vcxproj", "{B4C74441-2440-4689-8EE2-D8270F3B73B0}"
	ProjectSection(ProjectDependencies) = postProject
		{5EB71385-5331-49EF-BA32-1E96DE90416B} = {5EB71385-5331-49EF-BA32-1E96DE90416B}
		{FD9404A3-780A-472C-8EB5-BBFF83CCDBA7} = {FD9404A3-780A-472C-8EB5-BBFF83CCDBA7}
		{9E0678B0-E21E-4FA0-998E-A9FEE5FCFC50} = {9E0678B0-E21E-4FA0-998E-A9FEE5FCFC50}
	EndProjectSection
EndProject
Global
	GlobalSection(SolutionConfigurationPlatforms) = preSolution
		Debug|Win32 = Debug|Win32
		Release|Win32 = Release|Win32
	EndGlobalSection
	GlobalSection(ProjectConfigurationPlatforms) = postSolution
		{5EB71385-5331-49EF-BA32-1E96DE90416B}.Debug|Win32.ActiveCfg = Debug|Win32
		{5EB71385-5331-49EF-BA32-1E96DE90416B}.Debug|Win32.Build.0 = Debug|Win32
		{5EB71385-5331-49EF-BA32-1E96DE90416B}.Release|Win32.ActiveCfg = Release|Win32
		{5EB71385-5331-49EF-BA32-1E96DE90416B}.Release|Win32.Build.0 = Release|Win32
		{FD9404A3-780A-472C-8EB5-BBFF83CCDBA7}.Debug|Win32.ActiveCfg = Debug|Win32
		{FD9404A3-780A-472C-8EB5-BBFF83CCDBA7}.Debug|Win32.Build.0 = Debug|Win32
		{FD9404A3-780A-472C-8EB5-BBFF83CCDBA7}.Release|Win32.ActiveCfg = Release|Win32
		{FD9404A3-780A-472C-8EB5-BBFF83CCDBA7}.Release|Win32.Build.0 = Release|Win32
		{9E0678B0-E21E-4FA0-998E-A9FEE5FCFC50}.Debug|Win32.ActiveCfg = Debug|Win32
		{9E0678B0-E21E-4FA0-998E-A9FEE5FCFC50}.Debug|Win32.Build.0 = Debug|Win32
		{9E0678B0-E21E-4FA0-998E-A9FEE5FCFC50}.Release|Win32.ActiveCfg = Release|Win32
		{9E0678B0-E21E-4FA0-998E-A9FEE5FCFC50}.Release|Win32.Build.0 = Release|Win32
		{B4C74441-2440-4689-8EE2-D8270F3B73B0}.Debug|Win32.ActiveCfg = Debug|Win32
		{B4C74441-2440-4689-8EE2-D8270F3B73B0}.Debug|Win32.Build.0 = Debug|Win32
		{B4C74441-2440-4689-8EE2-D8270F3B73B0}.Release|Win32.ActiveCfg = Release|Win32
		{B4C74441-2440-4689-8EE2-D8270F3B73B0}.Release|Win32.Build.0 = Release|Win32
	EndGlobalSection
	GlobalSection(SolutionProperties) = preSolution
		HideSolutionNode = FALSE
	EndGlobalSection
EndGlobal
