<?xml version="1.0" encoding="utf-8"?>
<Project ToolsVersion="4.0" xmlns="http://schemas.microsoft.com/developer/msbuild/2003">
  <ItemGroup>
    <ClInclude Include="src\input_common.h" />
    <ClInclude Include="src\keyboard_input\keyboard_input.h">
      <Filter>keyboard_input</Filter>
    </ClInclude>
    <ClInclude Include="src\gc_controller.h" />
    <ClInclude Include="src\sdl_joypads\sdl_joypads.h">
      <Filter>sdl_joypads</Filter>
    </ClInclude>
  </ItemGroup>
  <ItemGroup>
    <Filter Include="keyboard_input">
      <UniqueIdentifier>{cad3f576-3a5d-4c44-ac83-4f8a71088a0a}</UniqueIdentifier>
    </Filter>
    <Filter Include="sdl_joypads">
      <UniqueIdentifier>{6c62cfdf-3c56-4b77-89c6-c4afe9b46ffd}</UniqueIdentifier>
    </Filter>
  </ItemGroup>
  <ItemGroup>
    <ClCompile Include="src\keyboard_input\keyboard_input.cpp">
      <Filter>keyboard_input</Filter>
    </ClCompile>
    <ClCompile Include="src\input_common.cpp" />
    <ClCompile Include="src\sdl_joypads\sdl_joypads.cpp">
      <Filter>sdl_joypads</Filter>
    </ClCompile>
  </ItemGroup>
</Project>
