<?xml version="1.0" encoding="utf-8"?>
<Project ToolsVersion="4.0" xmlns="http://schemas.microsoft.com/developer/msbuild/2003">
  <ItemGroup>
    <ClInclude Include="src\gc_controller.h" />
    <ClInclude Include="src\input_common.h" />
    <ClInclude Include="src\sdl_keys\sdl_keys.h">
      <Filter>sdl_keys</Filter>
    </ClInclude>
    <ClInclude Include="src\sdl_joypads\sdl_joypads.h">
      <Filter>sdl_joypads</Filter>
    </ClInclude>
  </ItemGroup>
  <ItemGroup>
    <ClCompile Include="src\input_common.cpp" />
    <ClCompile Include="src\sdl_keys\sdl_keys.cpp">
      <Filter>sdl_keys</Filter>
    </ClCompile>
    <ClCompile Include="src\sdl_joypads\sdl_joypads.cpp">
      <Filter>sdl_joypads</Filter>
    </ClCompile>
  </ItemGroup>
  <ItemGroup>
    <Filter Include="sdl_joypads">
      <UniqueIdentifier>{afbd4eb9-d3a3-4376-8ec8-5085bf24ceca}</UniqueIdentifier>
    </Filter>
    <Filter Include="sdl_keys">
      <UniqueIdentifier>{5c6c65ea-b507-4259-8f97-9e1aadae4ff4}</UniqueIdentifier>
    </Filter>
  </ItemGroup>
</Project>