<?xml version="1.0" encoding="utf-8"?>
<Project ToolsVersion="4.0" xmlns="http://schemas.microsoft.com/developer/msbuild/2003">
  <ItemGroup>
    <ClCompile Include="src\bp_mem.cpp" />
    <ClCompile Include="src\cp_mem.cpp" />
    <ClCompile Include="src\fifo.cpp" />
    <ClCompile Include="src\vertex_loader.cpp" />
    <ClCompile Include="src\video_core.cpp" />
    <ClCompile Include="src\xf_mem.cpp" />
    <ClCompile Include="src\renderer_gl3\renderer_gl3.cpp">
      <Filter>renderer_gl3</Filter>
    </ClCompile>
    <ClCompile Include="src\texture_decoder.cpp" />
    <ClCompile Include="src\vertex_manager.cpp" />
    <ClCompile Include="src\fifo_player.cpp" />
    <ClCompile Include="src\renderer_gl3\uniform_manager.cpp">
      <Filter>renderer_gl3</Filter>
    </ClCompile>
    <ClCompile Include="src\renderer_gl3\texture_interface.cpp">
      <Filter>renderer_gl3</Filter>
    </ClCompile>
    <ClCompile Include="src\texture_manager.cpp" />
    <ClCompile Include="src\utils.cpp" />
    <ClCompile Include="src\shader_manager.cpp" />
    <ClCompile Include="src\renderer_gl3\shader_interface.cpp">
      <Filter>renderer_gl3</Filter>
    </ClCompile>
  </ItemGroup>
  <ItemGroup>
    <ClInclude Include="src\bp_mem.h" />
    <ClInclude Include="src\cp_mem.h" />
    <ClInclude Include="src\fifo.h" />
    <ClInclude Include="src\gx_types.h" />
    <ClInclude Include="src\renderer_base.h" />
    <ClInclude Include="src\vertex_loader.h" />
    <ClInclude Include="src\video_core.h" />
    <ClInclude Include="src\xf_mem.h" />
    <ClInclude Include="src\renderer_gl3\renderer_gl3.h">
      <Filter>renderer_gl3</Filter>
    </ClInclude>
    <ClInclude Include="src\fifo_player.h" />
    <ClInclude Include="src\texture_decoder.h" />
    <ClInclude Include="src\vertex_manager.h" />
    <ClInclude Include="src\renderer_gl3\uniform_manager.h">
      <Filter>renderer_gl3</Filter>
    </ClInclude>
    <ClInclude Include="src\texture_manager.h" />
    <ClInclude Include="src\renderer_gl3\texture_interface.h">
      <Filter>renderer_gl3</Filter>
    </ClInclude>
    <ClInclude Include="src\utils.h" />
    <ClInclude Include="src\shader_manager.h" />
    <ClInclude Include="src\renderer_gl3\shader_interface.h">
      <Filter>renderer_gl3</Filter>
    </ClInclude>
  </ItemGroup>
  <ItemGroup>
    <Filter Include="renderer_gl3">
      <UniqueIdentifier>{ea80baad-745c-44e4-af78-4ca3788962d0}</UniqueIdentifier>
    </Filter>
  </ItemGroup>
</Project>